{
  "pins" : [
    {
      "identity" : "apitizer",
      "kind" : "remoteSourceControl",
      "location" : "https://github.com/carlynorama/APItizer.git",
      "state" : {
        "branch" : "main",
        "revision" : "4df9de94f27c95e1ed88f41c4dba7a5f4cb8a8b4"
      }
    },
    {
      "identity" : "swift-argument-parser",
      "kind" : "remoteSourceControl",
      "location" : "https://github.com/apple/swift-argument-parser.git",
      "state" : {
        "revision" : "fee6933f37fde9a5e12a1e4aeaa93fe60116ff2a",
        "version" : "1.2.2"
      }
    },
    {
      "identity" : "trunkline",
      "kind" : "remoteSourceControl",
      "location" : "https://github.com/carlynorama/TrunkLine.git",
      "state" : {
        "branch" : "main",
        "revision" : "7d9adefdf0bcb5fae90eae4026dda1b2ebadec8e"
      }
    }
  ],
  "version" : 2
}
